
Microsoft Visual Studio Solution File, Format Version 12.00
# Visual Studio Version 17
VisualStudioVersion = 17.11.35327.3
MinimumVisualStudioVersion = 10.0.40219.1
Project("{9A19103F-16F7-4668-BE54-9A1E7A4F7556}") = "DynamicFilters", "DynamicFilters\DynamicFilters.csproj", "{86C104D5-CA6A-41EA-B816-5EC4C356BF45}"
EndProject
Project("{9A19103F-16F7-4668-BE54-9A1E7A4F7556}") = "DynamicFilters.Tests", "DynamicFilters.Tests\DynamicFilters.Tests.csproj", "{7C334F50-F747-44C3-96F4-71E03ACBB189}"
EndProject
Global
	GlobalSection(SolutionConfigurationPlatforms) = preSolution
		Debug|Any CPU = Debug|Any CPU
		Release|Any CPU = Release|Any CPU
	EndGlobalSection
	GlobalSection(ProjectConfigurationPlatforms) = postSolution
		{86C104D5-CA6A-41EA-B816-5EC4C356BF45}.Debug|Any CPU.ActiveCfg = Debug|Any CPU
		{86C104D5-CA6A-41EA-B816-5EC4C356BF45}.Debug|Any CPU.Build.0 = Debug|Any CPU
		{86C104D5-CA6A-41EA-B816-5EC4C356BF45}.Release|Any CPU.ActiveCfg = Release|Any CPU
		{86C104D5-CA6A-41EA-B816-5EC4C356BF45}.Release|Any CPU.Build.0 = Release|Any CPU
		{7C334F50-F747-44C3-96F4-71E03ACBB189}.Debug|Any CPU.ActiveCfg = Debug|Any CPU
		{7C334F50-F747-44C3-96F4-71E03ACBB189}.Debug|Any CPU.Build.0 = Debug|Any CPU
		{7C334F50-F747-44C3-96F4-71E03ACBB189}.Release|Any CPU.ActiveCfg = Release|Any CPU
		{7C334F50-F747-44C3-96F4-71E03ACBB189}.Release|Any CPU.Build.0 = Release|Any CPU
	EndGlobalSection
	GlobalSection(SolutionProperties) = preSolution
		HideSolutionNode = FALSE
	EndGlobalSection
	GlobalSection(ExtensibilityGlobals) = postSolution
		SolutionGuid = {3502BBB0-C0CF-498F-947E-D0B4E69317B4}
	EndGlobalSection
EndGlobal
